// !$*UTF8*$!
{
	archiveVersion = 1;
	classes = {
	};
	objectVersion = 56;
	objects = {

/* Begin PBXBuildFile section */
		6C824CCE2BBBC18200DF5A46 /* Project2App.swift in Sources */ = {isa = PBXBuildFile; fileRef = 6C824CCD2BBBC18200DF5A46 /* Project2App.swift */; };
		6C824CD02BBBC18200DF5A46 /* ContentView.swift in Sources */ = {isa = PBXBuildFile; fileRef = 6C824CCF2BBBC18200DF5A46 /* ContentView.swift */; };
		6C824CD22BBBC18900DF5A46 /* Assets.xcassets in Resources */ = {isa = PBXBuildFile; fileRef = 6C824CD12BBBC18900DF5A46 /* Assets.xcassets */; };
		6C824CD62BBBC18900DF5A46 /* Preview Assets.xcassets in Resources */ = {isa = PBXBuildFile; fileRef = 6C824CD52BBBC18900DF5A46 /* Preview Assets.xcassets */; };
		6C824CE02BBBC18A00DF5A46 /* Project2Tests.swift in Sources */ = {isa = PBXBuildFile; fileRef = 6C824CDF2BBBC18A00DF5A46 /* Project2Tests.swift */; };
		6C824CEA2BBBC18A00DF5A46 /* Project2UITests.swift in Sources */ = {isa = PBXBuildFile; fileRef = 6C824CE92BBBC18A00DF5A46 /* Project2UITests.swift */; };
		6C824CEC2BBBC18A00DF5A46 /* Project2UITestsLaunchTests.swift in Sources */ = {isa = PBXBuildFile; fileRef = 6C824CEB2BBBC18A00DF5A46 /* Project2UITestsLaunchTests.swift */; };
		6C824CF92BBBC47200DF5A46 /* coffeeShopData.json in Resources */ = {isa = PBXBuildFile; fileRef = 6C824CF82BBBC47200DF5A46 /* coffeeShopData.json */; };
		6C824D082BBBCDF100DF5A46 /* CoffeeShopAssets.xcassets in Resources */ = {isa = PBXBuildFile; fileRef = 6C824D072BBBCDF100DF5A46 /* CoffeeShopAssets.xcassets */; };
		6C824D0A2BBBCE5900DF5A46 /* CoffeeShop.swift in Sources */ = {isa = PBXBuildFile; fileRef = 6C824D092BBBCE5800DF5A46 /* CoffeeShop.swift */; };
		6C824D0C2BBBCF1E00DF5A46 /* CoffeeShopData.swift in Sources */ = {isa = PBXBuildFile; fileRef = 6C824D0B2BBBCF1E00DF5A46 /* CoffeeShopData.swift */; };
		6C824D0E2BBBD07900DF5A46 /* CoffeeShopList.swift in Sources */ = {isa = PBXBuildFile; fileRef = 6C824D0D2BBBD07900DF5A46 /* CoffeeShopList.swift */; };
		6C824D102BBBD3E500DF5A46 /* AddNewCoffeeShop.swift in Sources */ = {isa = PBXBuildFile; fileRef = 6C824D0F2BBBD3E500DF5A46 /* AddNewCoffeeShop.swift */; };
		6C824D122BBBD5CB00DF5A46 /* CoffeeShopDetails.swift in Sources */ = {isa = PBXBuildFile; fileRef = 6C824D112BBBD5CB00DF5A46 /* CoffeeShopDetails.swift */; };
/* End PBXBuildFile section */

/* Begin PBXContainerItemProxy section */
		6C824CDC2BBBC18A00DF5A46 /* PBXContainerItemProxy */ = {
			isa = PBXContainerItemProxy;
			containerPortal = 6C824CC22BBBC18100DF5A46 /* Project object */;
			proxyType = 1;
			remoteGlobalIDString = 6C824CC92BBBC18100DF5A46;
			remoteInfo = Project2;
		};
		6C824CE62BBBC18A00DF5A46 /* PBXContainerItemProxy */ = {
			isa = PBXContainerItemProxy;
			containerPortal = 6C824CC22BBBC18100DF5A46 /* Project object */;
			proxyType = 1;
			remoteGlobalIDString = 6C824CC92BBBC18100DF5A46;
			remoteInfo = Project2;
		};
/* End PBXContainerItemProxy section */

/* Begin PBXFileReference section */
		6C824CCA2BBBC18100DF5A46 /* Project2.app */ = {isa = PBXFileReference; explicitFileType = wrapper.application; includeInIndex = 0; path = Project2.app; sourceTree = BUILT_PRODUCTS_DIR; };
		6C824CCD2BBBC18200DF5A46 /* Project2App.swift */ = {isa = PBXFileReference; lastKnownFileType = sourcecode.swift; path = Project2App.swift; sourceTree = "<group>"; };
		6C824CCF2BBBC18200DF5A46 /* ContentView.swift */ = {isa = PBXFileReference; lastKnownFileType = sourcecode.swift; path = ContentView.swift; sourceTree = "<group>"; };
		6C824CD12BBBC18900DF5A46 /* Assets.xcassets */ = {isa = PBXFileReference; lastKnownFileType = folder.assetcatalog; path = Assets.xcassets; sourceTree = "<group>"; };
		6C824CD32BBBC18900DF5A46 /* Project2.entitlements */ = {isa = PBXFileReference; lastKnownFileType = text.plist.entitlements; path = Project2.entitlements; sourceTree = "<group>"; };
		6C824CD52BBBC18900DF5A46 /* Preview Assets.xcassets */ = {isa = PBXFileReference; lastKnownFileType = folder.assetcatalog; path = "Preview Assets.xcassets"; sourceTree = "<group>"; };
		6C824CDB2BBBC18A00DF5A46 /* Project2Tests.xctest */ = {isa = PBXFileReference; explicitFileType = wrapper.cfbundle; includeInIndex = 0; path = Project2Tests.xctest; sourceTree = BUILT_PRODUCTS_DIR; };
		6C824CDF2BBBC18A00DF5A46 /* Project2Tests.swift */ = {isa = PBXFileReference; lastKnownFileType = sourcecode.swift; path = Project2Tests.swift; sourceTree = "<group>"; };
		6C824CE52BBBC18A00DF5A46 /* Project2UITests.xctest */ = {isa = PBXFileReference; explicitFileType = wrapper.cfbundle; includeInIndex = 0; path = Project2UITests.xctest; sourceTree = BUILT_PRODUCTS_DIR; };
		6C824CE92BBBC18A00DF5A46 /* Project2UITests.swift */ = {isa = PBXFileReference; lastKnownFileType = sourcecode.swift; path = Project2UITests.swift; sourceTree = "<group>"; };
		6C824CEB2BBBC18A00DF5A46 /* Project2UITestsLaunchTests.swift */ = {isa = PBXFileReference; lastKnownFileType = sourcecode.swift; path = Project2UITestsLaunchTests.swift; sourceTree = "<group>"; };
		6C824CF82BBBC47200DF5A46 /* coffeeShopData.json */ = {isa = PBXFileReference; fileEncoding = 4; lastKnownFileType = text.json; path = coffeeShopData.json; sourceTree = SOURCE_ROOT; };
		6C824D072BBBCDF100DF5A46 /* CoffeeShopAssets.xcassets */ = {isa = PBXFileReference; lastKnownFileType = folder.assetcatalog; path = CoffeeShopAssets.xcassets; sourceTree = "<group>"; };
		6C824D092BBBCE5800DF5A46 /* CoffeeShop.swift */ = {isa = PBXFileReference; lastKnownFileType = sourcecode.swift; path = CoffeeShop.swift; sourceTree = "<group>"; };
		6C824D0B2BBBCF1E00DF5A46 /* CoffeeShopData.swift */ = {isa = PBXFileReference; lastKnownFileType = sourcecode.swift; path = CoffeeShopData.swift; sourceTree = "<group>"; };
		6C824D0D2BBBD07900DF5A46 /* CoffeeShopList.swift */ = {isa = PBXFileReference; lastKnownFileType = sourcecode.swift; path = CoffeeShopList.swift; sourceTree = "<group>"; };
		6C824D0F2BBBD3E500DF5A46 /* AddNewCoffeeShop.swift */ = {isa = PBXFileReference; lastKnownFileType = sourcecode.swift; path = AddNewCoffeeShop.swift; sourceTree = "<group>"; };
		6C824D112BBBD5CB00DF5A46 /* CoffeeShopDetails.swift */ = {isa = PBXFileReference; lastKnownFileType = sourcecode.swift; path = CoffeeShopDetails.swift; sourceTree = "<group>"; };
/* End PBXFileReference section */

/* Begin PBXFrameworksBuildPhase section */
		6C824CC72BBBC18100DF5A46 /* Frameworks */ = {
			isa = PBXFrameworksBuildPhase;
			buildActionMask = 2147483647;
			files = (
			);
			runOnlyForDeploymentPostprocessing = 0;
		};
		6C824CD82BBBC18A00DF5A46 /* Frameworks */ = {
			isa = PBXFrameworksBuildPhase;
			buildActionMask = 2147483647;
			files = (
			);
			runOnlyForDeploymentPostprocessing = 0;
		};
		6C824CE22BBBC18A00DF5A46 /* Frameworks */ = {
			isa = PBXFrameworksBuildPhase;
			buildActionMask = 2147483647;
			files = (
			);
			runOnlyForDeploymentPostprocessing = 0;
		};
/* End PBXFrameworksBuildPhase section */

/* Begin PBXGroup section */
		6C824CC12BBBC18100DF5A46 = {
			isa = PBXGroup;
			children = (
				6C824CCC2BBBC18100DF5A46 /* Project2 */,
				6C824CDE2BBBC18A00DF5A46 /* Project2Tests */,
				6C824CE82BBBC18A00DF5A46 /* Project2UITests */,
				6C824CCB2BBBC18100DF5A46 /* Products */,
			);
			sourceTree = "<group>";
		};
		6C824CCB2BBBC18100DF5A46 /* Products */ = {
			isa = PBXGroup;
			children = (
				6C824CCA2BBBC18100DF5A46 /* Project2.app */,
				6C824CDB2BBBC18A00DF5A46 /* Project2Tests.xctest */,
				6C824CE52BBBC18A00DF5A46 /* Project2UITests.xctest */,
			);
			name = Products;
			sourceTree = "<group>";
		};
		6C824CCC2BBBC18100DF5A46 /* Project2 */ = {
			isa = PBXGroup;
			children = (
				6C824CF82BBBC47200DF5A46 /* coffeeShopData.json */,
				6C824CCD2BBBC18200DF5A46 /* Project2App.swift */,
				6C824CCF2BBBC18200DF5A46 /* ContentView.swift */,
				6C824D0F2BBBD3E500DF5A46 /* AddNewCoffeeShop.swift */,
				6C824D112BBBD5CB00DF5A46 /* CoffeeShopDetails.swift */,
				6C824CD12BBBC18900DF5A46 /* Assets.xcassets */,
				6C824CD32BBBC18900DF5A46 /* Project2.entitlements */,
				6C824CD42BBBC18900DF5A46 /* Preview Content */,
				6C824D072BBBCDF100DF5A46 /* CoffeeShopAssets.xcassets */,
				6C824D092BBBCE5800DF5A46 /* CoffeeShop.swift */,
				6C824D0B2BBBCF1E00DF5A46 /* CoffeeShopData.swift */,
				6C824D0D2BBBD07900DF5A46 /* CoffeeShopList.swift */,
			);
			path = Project2;
			sourceTree = "<group>";
		};
		6C824CD42BBBC18900DF5A46 /* Preview Content */ = {
			isa = PBXGroup;
			children = (
				6C824CD52BBBC18900DF5A46 /* Preview Assets.xcassets */,
			);
			path = "Preview Content";
			sourceTree = "<group>";
		};
		6C824CDE2BBBC18A00DF5A46 /* Project2Tests */ = {
			isa = PBXGroup;
			children = (
				6C824CDF2BBBC18A00DF5A46 /* Project2Tests.swift */,
			);
			path = Project2Tests;
			sourceTree = "<group>";
		};
		6C824CE82BBBC18A00DF5A46 /* Project2UITests */ = {
			isa = PBXGroup;
			children = (
				6C824CE92BBBC18A00DF5A46 /* Project2UITests.swift */,
				6C824CEB2BBBC18A00DF5A46 /* Project2UITestsLaunchTests.swift */,
			);
			path = Project2UITests;
			sourceTree = "<group>";
		};
/* End PBXGroup section */

/* Begin PBXNativeTarget section */
		6C824CC92BBBC18100DF5A46 /* Project2 */ = {
			isa = PBXNativeTarget;
			buildConfigurationList = 6C824CEF2BBBC18A00DF5A46 /* Build configuration list for PBXNativeTarget "Project2" */;
			buildPhases = (
				6C824CC62BBBC18100DF5A46 /* Sources */,
				6C824CC72BBBC18100DF5A46 /* Frameworks */,
				6C824CC82BBBC18100DF5A46 /* Resources */,
			);
			buildRules = (
			);
			dependencies = (
			);
			name = Project2;
			productName = Project2;
			productReference = 6C824CCA2BBBC18100DF5A46 /* Project2.app */;
			productType = "com.apple.product-type.application";
		};
		6C824CDA2BBBC18A00DF5A46 /* Project2Tests */ = {
			isa = PBXNativeTarget;
			buildConfigurationList = 6C824CF22BBBC18A00DF5A46 /* Build configuration list for PBXNativeTarget "Project2Tests" */;
			buildPhases = (
				6C824CD72BBBC18A00DF5A46 /* Sources */,
				6C824CD82BBBC18A00DF5A46 /* Frameworks */,
				6C824CD92BBBC18A00DF5A46 /* Resources */,
			);
			buildRules = (
			);
			dependencies = (
				6C824CDD2BBBC18A00DF5A46 /* PBXTargetDependency */,
			);
			name = Project2Tests;
			productName = Project2Tests;
			productReference = 6C824CDB2BBBC18A00DF5A46 /* Project2Tests.xctest */;
			productType = "com.apple.product-type.bundle.unit-test";
		};
		6C824CE42BBBC18A00DF5A46 /* Project2UITests */ = {
			isa = PBXNativeTarget;
			buildConfigurationList = 6C824CF52BBBC18A00DF5A46 /* Build configuration list for PBXNativeTarget "Project2UITests" */;
			buildPhases = (
				6C824CE12BBBC18A00DF5A46 /* Sources */,
				6C824CE22BBBC18A00DF5A46 /* Frameworks */,
				6C824CE32BBBC18A00DF5A46 /* Resources */,
			);
			buildRules = (
			);
			dependencies = (
				6C824CE72BBBC18A00DF5A46 /* PBXTargetDependency */,
			);
			name = Project2UITests;
			productName = Project2UITests;
			productReference = 6C824CE52BBBC18A00DF5A46 /* Project2UITests.xctest */;
			productType = "com.apple.product-type.bundle.ui-testing";
		};
/* End PBXNativeTarget section */

/* Begin PBXProject section */
		6C824CC22BBBC18100DF5A46 /* Project object */ = {
			isa = PBXProject;
			attributes = {
				BuildIndependentTargetsInParallel = 1;
				LastSwiftUpdateCheck = 1520;
				LastUpgradeCheck = 1520;
				TargetAttributes = {
					6C824CC92BBBC18100DF5A46 = {
						CreatedOnToolsVersion = 15.2;
					};
					6C824CDA2BBBC18A00DF5A46 = {
						CreatedOnToolsVersion = 15.2;
						TestTargetID = 6C824CC92BBBC18100DF5A46;
					};
					6C824CE42BBBC18A00DF5A46 = {
						CreatedOnToolsVersion = 15.2;
						TestTargetID = 6C824CC92BBBC18100DF5A46;
					};
				};
			};
			buildConfigurationList = 6C824CC52BBBC18100DF5A46 /* Build configuration list for PBXProject "Project2" */;
			compatibilityVersion = "Xcode 14.0";
			developmentRegion = en;
			hasScannedForEncodings = 0;
			knownRegions = (
				en,
				Base,
			);
			mainGroup = 6C824CC12BBBC18100DF5A46;
			productRefGroup = 6C824CCB2BBBC18100DF5A46 /* Products */;
			projectDirPath = "";
			projectRoot = "";
			targets = (
				6C824CC92BBBC18100DF5A46 /* Project2 */,
				6C824CDA2BBBC18A00DF5A46 /* Project2Tests */,
				6C824CE42BBBC18A00DF5A46 /* Project2UITests */,
			);
		};
/* End PBXProject section */

/* Begin PBXResourcesBuildPhase section */
		6C824CC82BBBC18100DF5A46 /* Resources */ = {
			isa = PBXResourcesBuildPhase;
			buildActionMask = 2147483647;
			files = (
				6C824CF92BBBC47200DF5A46 /* coffeeShopData.json in Resources */,
				6C824CD62BBBC18900DF5A46 /* Preview Assets.xcassets in Resources */,
				6C824D082BBBCDF100DF5A46 /* CoffeeShopAssets.xcassets in Resources */,
				6C824CD22BBBC18900DF5A46 /* Assets.xcassets in Resources */,
			);
			runOnlyForDeploymentPostprocessing = 0;
		};
		6C824CD92BBBC18A00DF5A46 /* Resources */ = {
			isa = PBXResourcesBuildPhase;
			buildActionMask = 2147483647;
			files = (
			);
			runOnlyForDeploymentPostprocessing = 0;
		};
		6C824CE32BBBC18A00DF5A46 /* Resources */ = {
			isa = PBXResourcesBuildPhase;
			buildActionMask = 2147483647;
			files = (
			);
			runOnlyForDeploymentPostprocessing = 0;
		};
/* End PBXResourcesBuildPhase section */

/* Begin PBXSourcesBuildPhase section */
		6C824CC62BBBC18100DF5A46 /* Sources */ = {
			isa = PBXSourcesBuildPhase;
			buildActionMask = 2147483647;
			files = (
				6C824D0A2BBBCE5900DF5A46 /* CoffeeShop.swift in Sources */,
				6C824D0E2BBBD07900DF5A46 /* CoffeeShopList.swift in Sources */,
				6C824D102BBBD3E500DF5A46 /* AddNewCoffeeShop.swift in Sources */,
				6C824CD02BBBC18200DF5A46 /* ContentView.swift in Sources */,
				6C824D122BBBD5CB00DF5A46 /* CoffeeShopDetails.swift in Sources */,
				6C824CCE2BBBC18200DF5A46 /* Project2App.swift in Sources */,
				6C824D0C2BBBCF1E00DF5A46 /* CoffeeShopData.swift in Sources */,
			);
			runOnlyForDeploymentPostprocessing = 0;
		};
		6C824CD72BBBC18A00DF5A46 /* Sources */ = {
			isa = PBXSourcesBuildPhase;
			buildActionMask = 2147483647;
			files = (
				6C824CE02BBBC18A00DF5A46 /* Project2Tests.swift in Sources */,
			);
			runOnlyForDeploymentPostprocessing = 0;
		};
		6C824CE12BBBC18A00DF5A46 /* Sources */ = {
			isa = PBXSourcesBuildPhase;
			buildActionMask = 2147483647;
			files = (
				6C824CEC2BBBC18A00DF5A46 /* Project2UITestsLaunchTests.swift in Sources */,
				6C824CEA2BBBC18A00DF5A46 /* Project2UITests.swift in Sources */,
			);
			runOnlyForDeploymentPostprocessing = 0;
		};
/* End PBXSourcesBuildPhase section */

/* Begin PBXTargetDependency section */
		6C824CDD2BBBC18A00DF5A46 /* PBXTargetDependency */ = {
			isa = PBXTargetDependency;
			target = 6C824CC92BBBC18100DF5A46 /* Project2 */;
			targetProxy = 6C824CDC2BBBC18A00DF5A46 /* PBXContainerItemProxy */;
		};
		6C824CE72BBBC18A00DF5A46 /* PBXTargetDependency */ = {
			isa = PBXTargetDependency;
			target = 6C824CC92BBBC18100DF5A46 /* Project2 */;
			targetProxy = 6C824CE62BBBC18A00DF5A46 /* PBXContainerItemProxy */;
		};
/* End PBXTargetDependency section */

/* Begin XCBuildConfiguration section */
		6C824CED2BBBC18A00DF5A46 /* Debug */ = {
			isa = XCBuildConfiguration;
			buildSettings = {
				ALWAYS_SEARCH_USER_PATHS = NO;
				ASSETCATALOG_COMPILER_GENERATE_SWIFT_ASSET_SYMBOL_EXTENSIONS = YES;
				CLANG_ANALYZER_NONNULL = YES;
				CLANG_ANALYZER_NUMBER_OBJECT_CONVERSION = YES_AGGRESSIVE;
				CLANG_CXX_LANGUAGE_STANDARD = "gnu++20";
				CLANG_ENABLE_MODULES = YES;
				CLANG_ENABLE_OBJC_ARC = YES;
				CLANG_ENABLE_OBJC_WEAK = YES;
				CLANG_WARN_BLOCK_CAPTURE_AUTORELEASING = YES;
				CLANG_WARN_BOOL_CONVERSION = YES;
				CLANG_WARN_COMMA = YES;
				CLANG_WARN_CONSTANT_CONVERSION = YES;
				CLANG_WARN_DEPRECATED_OBJC_IMPLEMENTATIONS = YES;
				CLANG_WARN_DIRECT_OBJC_ISA_USAGE = YES_ERROR;
				CLANG_WARN_DOCUMENTATION_COMMENTS = YES;
				CLANG_WARN_EMPTY_BODY = YES;
				CLANG_WARN_ENUM_CONVERSION = YES;
				CLANG_WARN_INFINITE_RECURSION = YES;
				CLANG_WARN_INT_CONVERSION = YES;
				CLANG_WARN_NON_LITERAL_NULL_CONVERSION = YES;
				CLANG_WARN_OBJC_IMPLICIT_RETAIN_SELF = YES;
				CLANG_WARN_OBJC_LITERAL_CONVERSION = YES;
				CLANG_WARN_OBJC_ROOT_CLASS = YES_ERROR;
				CLANG_WARN_QUOTED_INCLUDE_IN_FRAMEWORK_HEADER = YES;
				CLANG_WARN_RANGE_LOOP_ANALYSIS = YES;
				CLANG_WARN_STRICT_PROTOTYPES = YES;
				CLANG_WARN_SUSPICIOUS_MOVE = YES;
				CLANG_WARN_UNGUARDED_AVAILABILITY = YES_AGGRESSIVE;
				CLANG_WARN_UNREACHABLE_CODE = YES;
				CLANG_WARN__DUPLICATE_METHOD_MATCH = YES;
				COPY_PHASE_STRIP = NO;
				DEBUG_INFORMATION_FORMAT = dwarf;
				ENABLE_STRICT_OBJC_MSGSEND = YES;
				ENABLE_TESTABILITY = YES;
				ENABLE_USER_SCRIPT_SANDBOXING = YES;
				GCC_C_LANGUAGE_STANDARD = gnu17;
				GCC_DYNAMIC_NO_PIC = NO;
				GCC_NO_COMMON_BLOCKS = YES;
				GCC_OPTIMIZATION_LEVEL = 0;
				GCC_PREPROCESSOR_DEFINITIONS = (
					"DEBUG=1",
					"$(inherited)",
				);
				GCC_WARN_64_TO_32_BIT_CONVERSION = YES;
				GCC_WARN_ABOUT_RETURN_TYPE = YES_ERROR;
				GCC_WARN_UNDECLARED_SELECTOR = YES;
				GCC_WARN_UNINITIALIZED_AUTOS = YES_AGGRESSIVE;
				GCC_WARN_UNUSED_FUNCTION = YES;
				GCC_WARN_UNUSED_VARIABLE = YES;
				LOCALIZATION_PREFERS_STRING_CATALOGS = YES;
				MTL_ENABLE_DEBUG_INFO = INCLUDE_SOURCE;
				MTL_FAST_MATH = YES;
				ONLY_ACTIVE_ARCH = YES;
				SWIFT_ACTIVE_COMPILATION_CONDITIONS = "DEBUG $(inherited)";
				SWIFT_OPTIMIZATION_LEVEL = "-Onone";
			};
			name = Debug;
		};
		6C824CEE2BBBC18A00DF5A46 /* Release */ = {
			isa = XCBuildConfiguration;
			buildSettings = {
				ALWAYS_SEARCH_USER_PATHS = NO;
				ASSETCATALOG_COMPILER_GENERATE_SWIFT_ASSET_SYMBOL_EXTENSIONS = YES;
				CLANG_ANALYZER_NONNULL = YES;
				CLANG_ANALYZER_NUMBER_OBJECT_CONVERSION = YES_AGGRESSIVE;
				CLANG_CXX_LANGUAGE_STANDARD = "gnu++20";
				CLANG_ENABLE_MODULES = YES;
				CLANG_ENABLE_OBJC_ARC = YES;
				CLANG_ENABLE_OBJC_WEAK = YES;
				CLANG_WARN_BLOCK_CAPTURE_AUTORELEASING = YES;
				CLANG_WARN_BOOL_CONVERSION = YES;
				CLANG_WARN_COMMA = YES;
				CLANG_WARN_CONSTANT_CONVERSION = YES;
				CLANG_WARN_DEPRECATED_OBJC_IMPLEMENTATIONS = YES;
				CLANG_WARN_DIRECT_OBJC_ISA_USAGE = YES_ERROR;
				CLANG_WARN_DOCUMENTATION_COMMENTS = YES;
				CLANG_WARN_EMPTY_BODY = YES;
				CLANG_WARN_ENUM_CONVERSION = YES;
				CLANG_WARN_INFINITE_RECURSION = YES;
				CLANG_WARN_INT_CONVERSION = YES;
				CLANG_WARN_NON_LITERAL_NULL_CONVERSION = YES;
				CLANG_WARN_OBJC_IMPLICIT_RETAIN_SELF = YES;
				CLANG_WARN_OBJC_LITERAL_CONVERSION = YES;
				CLANG_WARN_OBJC_ROOT_CLASS = YES_ERROR;
				CLANG_WARN_QUOTED_INCLUDE_IN_FRAMEWORK_HEADER = YES;
				CLANG_WARN_RANGE_LOOP_ANALYSIS = YES;
				CLANG_WARN_STRICT_PROTOTYPES = YES;
				CLANG_WARN_SUSPICIOUS_MOVE = YES;
				CLANG_WARN_UNGUARDED_AVAILABILITY = YES_AGGRESSIVE;
				CLANG_WARN_UNREACHABLE_CODE = YES;
				CLANG_WARN__DUPLICATE_METHOD_MATCH = YES;
				COPY_PHASE_STRIP = NO;
				DEBUG_INFORMATION_FORMAT = "dwarf-with-dsym";
				ENABLE_NS_ASSERTIONS = NO;
				ENABLE_STRICT_OBJC_MSGSEND = YES;
				ENABLE_USER_SCRIPT_SANDBOXING = YES;
				GCC_C_LANGUAGE_STANDARD = gnu17;
				GCC_NO_COMMON_BLOCKS = YES;
				GCC_WARN_64_TO_32_BIT_CONVERSION = YES;
				GCC_WARN_ABOUT_RETURN_TYPE = YES_ERROR;
				GCC_WARN_UNDECLARED_SELECTOR = YES;
				GCC_WARN_UNINITIALIZED_AUTOS = YES_AGGRESSIVE;
				GCC_WARN_UNUSED_FUNCTION = YES;
				GCC_WARN_UNUSED_VARIABLE = YES;
				LOCALIZATION_PREFERS_STRING_CATALOGS = YES;
				MTL_ENABLE_DEBUG_INFO = NO;
				MTL_FAST_MATH = YES;
				SWIFT_COMPILATION_MODE = wholemodule;
			};
			name = Release;
		};
		6C824CF02BBBC18A00DF5A46 /* Debug */ = {
			isa = XCBuildConfiguration;
			buildSettings = {
				ASSETCATALOG_COMPILER_APPICON_NAME = AppIcon;
				ASSETCATALOG_COMPILER_GLOBAL_ACCENT_COLOR_NAME = AccentColor;
				CODE_SIGN_ENTITLEMENTS = Project2/Project2.entitlements;
				CODE_SIGN_STYLE = Automatic;
				CURRENT_PROJECT_VERSION = 1;
				DEVELOPMENT_ASSET_PATHS = "\"Project2/Preview Content\"";
				DEVELOPMENT_TEAM = M9V8GR3M3G;
				ENABLE_HARDENED_RUNTIME = YES;
				ENABLE_PREVIEWS = YES;
				GENERATE_INFOPLIST_FILE = YES;
				"INFOPLIST_KEY_UIApplicationSceneManifest_Generation[sdk=iphoneos*]" = YES;
				"INFOPLIST_KEY_UIApplicationSceneManifest_Generation[sdk=iphonesimulator*]" = YES;
				"INFOPLIST_KEY_UIApplicationSupportsIndirectInputEvents[sdk=iphoneos*]" = YES;
				"INFOPLIST_KEY_UIApplicationSupportsIndirectInputEvents[sdk=iphonesimulator*]" = YES;
				"INFOPLIST_KEY_UILaunchScreen_Generation[sdk=iphoneos*]" = YES;
				"INFOPLIST_KEY_UILaunchScreen_Generation[sdk=iphonesimulator*]" = YES;
				"INFOPLIST_KEY_UIStatusBarStyle[sdk=iphoneos*]" = UIStatusBarStyleDefault;
				"INFOPLIST_KEY_UIStatusBarStyle[sdk=iphonesimulator*]" = UIStatusBarStyleDefault;
				INFOPLIST_KEY_UISupportedInterfaceOrientations_iPad = "UIInterfaceOrientationPortrait UIInterfaceOrientationPortraitUpsideDown UIInterfaceOrientationLandscapeLeft UIInterfaceOrientationLandscapeRight";
				INFOPLIST_KEY_UISupportedInterfaceOrientations_iPhone = "UIInterfaceOrientationPortrait UIInterfaceOrientationLandscapeLeft UIInterfaceOrientationLandscapeRight";
				IPHONEOS_DEPLOYMENT_TARGET = 17.2;
				LD_RUNPATH_SEARCH_PATHS = "@executable_path/Frameworks";
				"LD_RUNPATH_SEARCH_PATHS[sdk=macosx*]" = "@executable_path/../Frameworks";
				MACOSX_DEPLOYMENT_TARGET = 14.2;
				MARKETING_VERSION = 1.0;
				PRODUCT_BUNDLE_IDENTIFIER = com.DemoProject.Project2;
				PRODUCT_NAME = "$(TARGET_NAME)";
				SDKROOT = auto;
				SUPPORTED_PLATFORMS = "iphoneos iphonesimulator macosx";
				SWIFT_EMIT_LOC_STRINGS = YES;
				SWIFT_VERSION = 5.0;
				TARGETED_DEVICE_FAMILY = "1,2";
			};
			name = Debug;
		};
		6C824CF12BBBC18A00DF5A46 /* Release */ = {
			isa = XCBuildConfiguration;
			buildSettings = {
				ASSETCATALOG_COMPILER_APPICON_NAME = AppIcon;
				ASSETCATALOG_COMPILER_GLOBAL_ACCENT_COLOR_NAME = AccentColor;
				CODE_SIGN_ENTITLEMENTS = Project2/Project2.entitlements;
				CODE_SIGN_STYLE = Automatic;
				CURRENT_PROJECT_VERSION = 1;
				DEVELOPMENT_ASSET_PATHS = "\"Project2/Preview Content\"";
				DEVELOPMENT_TEAM = M9V8GR3M3G;
				ENABLE_HARDENED_RUNTIME = YES;
				ENABLE_PREVIEWS = YES;
				GENERATE_INFOPLIST_FILE = YES;
				"INFOPLIST_KEY_UIApplicationSceneManifest_Generation[sdk=iphoneos*]" = YES;
				"INFOPLIST_KEY_UIApplicationSceneManifest_Generation[sdk=iphonesimulator*]" = YES;
				"INFOPLIST_KEY_UIApplicationSupportsIndirectInputEvents[sdk=iphoneos*]" = YES;
				"INFOPLIST_KEY_UIApplicationSupportsIndirectInputEvents[sdk=iphonesimulator*]" = YES;
				"INFOPLIST_KEY_UILaunchScreen_Generation[sdk=iphoneos*]" = YES;
				"INFOPLIST_KEY_UILaunchScreen_Generation[sdk=iphonesimulator*]" = YES;
				"INFOPLIST_KEY_UIStatusBarStyle[sdk=iphoneos*]" = UIStatusBarStyleDefault;
				"INFOPLIST_KEY_UIStatusBarStyle[sdk=iphonesimulator*]" = UIStatusBarStyleDefault;
				INFOPLIST_KEY_UISupportedInterfaceOrientations_iPad = "UIInterfaceOrientationPortrait UIInterfaceOrientationPortraitUpsideDown UIInterfaceOrientationLandscapeLeft UIInterfaceOrientationLandscapeRight";
				INFOPLIST_KEY_UISupportedInterfaceOrientations_iPhone = "UIInterfaceOrientationPortrait UIInterfaceOrientationLandscapeLeft UIInterfaceOrientationLandscapeRight";
				IPHONEOS_DEPLOYMENT_TARGET = 17.2;
				LD_RUNPATH_SEARCH_PATHS = "@executable_path/Frameworks";
				"LD_RUNPATH_SEARCH_PATHS[sdk=macosx*]" = "@executable_path/../Frameworks";
				MACOSX_DEPLOYMENT_TARGET = 14.2;
				MARKETING_VERSION = 1.0;
				PRODUCT_BUNDLE_IDENTIFIER = com.DemoProject.Project2;
				PRODUCT_NAME = "$(TARGET_NAME)";
				SDKROOT = auto;
				SUPPORTED_PLATFORMS = "iphoneos iphonesimulator macosx";
				SWIFT_EMIT_LOC_STRINGS = YES;
				SWIFT_VERSION = 5.0;
				TARGETED_DEVICE_FAMILY = "1,2";
			};
			name = Release;
		};
		6C824CF32BBBC18A00DF5A46 /* Debug */ = {
			isa = XCBuildConfiguration;
			buildSettings = {
				ALWAYS_EMBED_SWIFT_STANDARD_LIBRARIES = YES;
				BUNDLE_LOADER = "$(TEST_HOST)";
				CODE_SIGN_STYLE = Automatic;
				CURRENT_PROJECT_VERSION = 1;
				DEVELOPMENT_TEAM = M9V8GR3M3G;
				GENERATE_INFOPLIST_FILE = YES;
				IPHONEOS_DEPLOYMENT_TARGET = 17.2;
				MACOSX_DEPLOYMENT_TARGET = 14.2;
				MARKETING_VERSION = 1.0;
				PRODUCT_BUNDLE_IDENTIFIER = com.DemoProject.Project2Tests;
				PRODUCT_NAME = "$(TARGET_NAME)";
				SDKROOT = auto;
				SUPPORTED_PLATFORMS = "iphoneos iphonesimulator macosx";
				SWIFT_EMIT_LOC_STRINGS = NO;
				SWIFT_VERSION = 5.0;
				TARGETED_DEVICE_FAMILY = "1,2";
				TEST_HOST = "$(BUILT_PRODUCTS_DIR)/Project2.app/$(BUNDLE_EXECUTABLE_FOLDER_PATH)/Project2";
			};
			name = Debug;
		};
		6C824CF42BBBC18A00DF5A46 /* Release */ = {
			isa = XCBuildConfiguration;
			buildSettings = {
				ALWAYS_EMBED_SWIFT_STANDARD_LIBRARIES = YES;
				BUNDLE_LOADER = "$(TEST_HOST)";
				CODE_SIGN_STYLE = Automatic;
				CURRENT_PROJECT_VERSION = 1;
				DEVELOPMENT_TEAM = M9V8GR3M3G;
				GENERATE_INFOPLIST_FILE = YES;
				IPHONEOS_DEPLOYMENT_TARGET = 17.2;
				MACOSX_DEPLOYMENT_TARGET = 14.2;
				MARKETING_VERSION = 1.0;
				PRODUCT_BUNDLE_IDENTIFIER = com.DemoProject.Project2Tests;
				PRODUCT_NAME = "$(TARGET_NAME)";
				SDKROOT = auto;
				SUPPORTED_PLATFORMS = "iphoneos iphonesimulator macosx";
				SWIFT_EMIT_LOC_STRINGS = NO;
				SWIFT_VERSION = 5.0;
				TARGETED_DEVICE_FAMILY = "1,2";
				TEST_HOST = "$(BUILT_PRODUCTS_DIR)/Project2.app/$(BUNDLE_EXECUTABLE_FOLDER_PATH)/Project2";
			};
			name = Release;
		};
		6C824CF62BBBC18A00DF5A46 /* Debug */ = {
			isa = XCBuildConfiguration;
			buildSettings = {
				ALWAYS_EMBED_SWIFT_STANDARD_LIBRARIES = YES;
				CODE_SIGN_STYLE = Automatic;
				CURRENT_PROJECT_VERSION = 1;
				DEVELOPMENT_TEAM = M9V8GR3M3G;
				GENERATE_INFOPLIST_FILE = YES;
				IPHONEOS_DEPLOYMENT_TARGET = 17.2;
				MACOSX_DEPLOYMENT_TARGET = 14.2;
				MARKETING_VERSION = 1.0;
				PRODUCT_BUNDLE_IDENTIFIER = com.DemoProject.Project2UITests;
				PRODUCT_NAME = "$(TARGET_NAME)";
				SDKROOT = auto;
				SUPPORTED_PLATFORMS = "iphoneos iphonesimulator macosx";
				SWIFT_EMIT_LOC_STRINGS = NO;
				SWIFT_VERSION = 5.0;
				TARGETED_DEVICE_FAMILY = "1,2";
				TEST_TARGET_NAME = Project2;
			};
			name = Debug;
		};
		6C824CF72BBBC18A00DF5A46 /* Release */ = {
			isa = XCBuildConfiguration;
			buildSettings = {
				ALWAYS_EMBED_SWIFT_STANDARD_LIBRARIES = YES;
				CODE_SIGN_STYLE = Automatic;
				CURRENT_PROJECT_VERSION = 1;
				DEVELOPMENT_TEAM = M9V8GR3M3G;
				GENERATE_INFOPLIST_FILE = YES;
				IPHONEOS_DEPLOYMENT_TARGET = 17.2;
				MACOSX_DEPLOYMENT_TARGET = 14.2;
				MARKETING_VERSION = 1.0;
				PRODUCT_BUNDLE_IDENTIFIER = com.DemoProject.Project2UITests;
				PRODUCT_NAME = "$(TARGET_NAME)";
				SDKROOT = auto;
				SUPPORTED_PLATFORMS = "iphoneos iphonesimulator macosx";
				SWIFT_EMIT_LOC_STRINGS = NO;
				SWIFT_VERSION = 5.0;
				TARGETED_DEVICE_FAMILY = "1,2";
				TEST_TARGET_NAME = Project2;
			};
			name = Release;
		};
/* End XCBuildConfiguration section */

/* Begin XCConfigurationList section */
		6C824CC52BBBC18100DF5A46 /* Build configuration list for PBXProject "Project2" */ = {
			isa = XCConfigurationList;
			buildConfigurations = (
				6C824CED2BBBC18A00DF5A46 /* Debug */,
				6C824CEE2BBBC18A00DF5A46 /* Release */,
			);
			defaultConfigurationIsVisible = 0;
			defaultConfigurationName = Release;
		};
		6C824CEF2BBBC18A00DF5A46 /* Build configuration list for PBXNativeTarget "Project2" */ = {
			isa = XCConfigurationList;
			buildConfigurations = (
				6C824CF02BBBC18A00DF5A46 /* Debug */,
				6C824CF12BBBC18A00DF5A46 /* Release */,
			);
			defaultConfigurationIsVisible = 0;
			defaultConfigurationName = Release;
		};
		6C824CF22BBBC18A00DF5A46 /* Build configuration list for PBXNativeTarget "Project2Tests" */ = {
			isa = XCConfigurationList;
			buildConfigurations = (
				6C824CF32BBBC18A00DF5A46 /* Debug */,
				6C824CF42BBBC18A00DF5A46 /* Release */,
			);
			defaultConfigurationIsVisible = 0;
			defaultConfigurationName = Release;
		};
		6C824CF52BBBC18A00DF5A46 /* Build configuration list for PBXNativeTarget "Project2UITests" */ = {
			isa = XCConfigurationList;
			buildConfigurations = (
				6C824CF62BBBC18A00DF5A46 /* Debug */,
				6C824CF72BBBC18A00DF5A46 /* Release */,
			);
			defaultConfigurationIsVisible = 0;
			defaultConfigurationName = Release;
		};
/* End XCConfigurationList section */
	};
	rootObject = 6C824CC22BBBC18100DF5A46 /* Project object */;
}
